
Microsoft Visual Studio Solution File, Format Version 12.00
# Visual Studio Version 17
VisualStudioVersion = 17.7.34202.233
MinimumVisualStudioVersion = 10.0.40219.1
Project("{F184B08F-C81C-45F6-A57F-5ABD9991F28F}") = "EVE01", "EVE01\EVE01.vbproj", "{C5F2A7C6-4DCD-4B75-9DAB-DEC041BFF7F9}"
EndProject
Global
	GlobalSection(SolutionConfigurationPlatforms) = preSolution
		Debug|Any CPU = Debug|Any CPU
		Release|Any CPU = Release|Any CPU
	EndGlobalSection
	GlobalSection(ProjectConfigurationPlatforms) = postSolution
		{C5F2A7C6-4DCD-4B75-9DAB-DEC041BFF7F9}.Debug|Any CPU.ActiveCfg = Debug|Any CPU
		{C5F2A7C6-4DCD-4B75-9DAB-DEC041BFF7F9}.Debug|Any CPU.Build.0 = Debug|Any CPU
		{C5F2A7C6-4DCD-4B75-9DAB-DEC041BFF7F9}.Release|Any CPU.ActiveCfg = Release|Any CPU
		{C5F2A7C6-4DCD-4B75-9DAB-DEC041BFF7F9}.Release|Any CPU.Build.0 = Release|Any CPU
	EndGlobalSection
	GlobalSection(SolutionProperties) = preSolution
		HideSolutionNode = FALSE
	EndGlobalSection
	GlobalSection(ExtensibilityGlobals) = postSolution
		SolutionGuid = {82B19C4F-C7E3-41E5-BD86-8A7B9A9B4139}
	EndGlobalSection
EndGlobal
